
Microsoft Visual Studio Solution File, Format Version 12.00
# Visual Studio Version 16
VisualStudioVersion = 16.0.30804.86
MinimumVisualStudioVersion = 10.0.40219.1
Project("{8BC9CEB8-8B4A-11D0-8D11-00A0C91BC942}") = "Algorithm_HW", "Algorithm_HW\Algorithm_HW.vcxproj", "{F2EE2E23-CAB2-4666-A660-7C69F50471DF}"
EndProject
Project("{8BC9CEB8-8B4A-11D0-8D11-00A0C91BC942}") = "HW2", "HW2\HW2.vcxproj", "{4759E655-3CEC-4356-A13B-A41F5434E95B}"
EndProject
Project("{8BC9CEB8-8B4A-11D0-8D11-00A0C91BC942}") = "HW1", "HW1\HW1.vcxproj", "{AC790846-6CC2-4DDA-BCA3-EB538E8AC92C}"
EndProject
Project("{8BC9CEB8-8B4A-11D0-8D11-00A0C91BC942}") = "HW3", "HW3\HW3.vcxproj", "{E308857E-FC9D-42AB-8BDE-1C2A93C9EA84}"
EndProject
Project("{8BC9CEB8-8B4A-11D0-8D11-00A0C91BC942}") = "HW4", "HW4\HW4.vcxproj", "{FB35E134-F7E3-4678-80AB-BC53F5F470A9}"
EndProject
Project("{8BC9CEB8-8B4A-11D0-8D11-00A0C91BC942}") = "DP_Floyd_11404", "11404\11404.vcxproj", "{119DF898-B0C1-4A49-9E64-CC20D7F172E7}"
EndProject
Project("{8BC9CEB8-8B4A-11D0-8D11-00A0C91BC942}") = "BackTracking_NQueen_9663", "NQueen_3344\NQueen_3344.vcxproj", "{6AB297D6-7536-47D8-B7B3-2B40E4D3EF2A}"
EndProject
Project("{8BC9CEB8-8B4A-11D0-8D11-00A0C91BC942}") = "Greedy_Kruskal_1197", "1197\1197.vcxproj", "{9081EDFE-9ED6-4A02-81DE-F657AFA943CA}"
EndProject
Project("{8BC9CEB8-8B4A-11D0-8D11-00A0C91BC942}") = "DP_TSP_2098", "DP_\DP_.vcxproj", "{4FEE87C0-3F45-4AF1-9167-BC5FA863E2C4}"
EndProject
Project("{8BC9CEB8-8B4A-11D0-8D11-00A0C91BC942}") = "Greedy_knapsack_12865", "Greedy_knapsack_12865\Greedy_knapsack_12865.vcxproj", "{1975A662-E3A1-47D1-BC12-1FE6D328BE9F}"
EndProject
Global
	GlobalSection(SolutionConfigurationPlatforms) = preSolution
		Debug|x64 = Debug|x64
		Debug|x86 = Debug|x86
		Release|x64 = Release|x64
		Release|x86 = Release|x86
	EndGlobalSection
	GlobalSection(ProjectConfigurationPlatforms) = postSolution
		{F2EE2E23-CAB2-4666-A660-7C69F50471DF}.Debug|x64.ActiveCfg = Debug|x64
		{F2EE2E23-CAB2-4666-A660-7C69F50471DF}.Debug|x64.Build.0 = Debug|x64
		{F2EE2E23-CAB2-4666-A660-7C69F50471DF}.Debug|x86.ActiveCfg = Debug|Win32
		{F2EE2E23-CAB2-4666-A660-7C69F50471DF}.Debug|x86.Build.0 = Debug|Win32
		{F2EE2E23-CAB2-4666-A660-7C69F50471DF}.Release|x64.ActiveCfg = Release|x64
		{F2EE2E23-CAB2-4666-A660-7C69F50471DF}.Release|x64.Build.0 = Release|x64
		{F2EE2E23-CAB2-4666-A660-7C69F50471DF}.Release|x86.ActiveCfg = Release|Win32
		{F2EE2E23-CAB2-4666-A660-7C69F50471DF}.Release|x86.Build.0 = Release|Win32
		{4759E655-3CEC-4356-A13B-A41F5434E95B}.Debug|x64.ActiveCfg = Debug|x64
		{4759E655-3CEC-4356-A13B-A41F5434E95B}.Debug|x64.Build.0 = Debug|x64
		{4759E655-3CEC-4356-A13B-A41F5434E95B}.Debug|x86.ActiveCfg = Debug|Win32
		{4759E655-3CEC-4356-A13B-A41F5434E95B}.Debug|x86.Build.0 = Debug|Win32
		{4759E655-3CEC-4356-A13B-A41F5434E95B}.Release|x64.ActiveCfg = Release|x64
		{4759E655-3CEC-4356-A13B-A41F5434E95B}.Release|x64.Build.0 = Release|x64
		{4759E655-3CEC-4356-A13B-A41F5434E95B}.Release|x86.ActiveCfg = Release|Win32
		{4759E655-3CEC-4356-A13B-A41F5434E95B}.Release|x86.Build.0 = Release|Win32
		{AC790846-6CC2-4DDA-BCA3-EB538E8AC92C}.Debug|x64.ActiveCfg = Debug|x64
		{AC790846-6CC2-4DDA-BCA3-EB538E8AC92C}.Debug|x64.Build.0 = Debug|x64
		{AC790846-6CC2-4DDA-BCA3-EB538E8AC92C}.Debug|x86.ActiveCfg = Debug|Win32
		{AC790846-6CC2-4DDA-BCA3-EB538E8AC92C}.Debug|x86.Build.0 = Debug|Win32
		{AC790846-6CC2-4DDA-BCA3-EB538E8AC92C}.Release|x64.ActiveCfg = Release|x64
		{AC790846-6CC2-4DDA-BCA3-EB538E8AC92C}.Release|x64.Build.0 = Release|x64
		{AC790846-6CC2-4DDA-BCA3-EB538E8AC92C}.Release|x86.ActiveCfg = Release|Win32
		{AC790846-6CC2-4DDA-BCA3-EB538E8AC92C}.Release|x86.Build.0 = Release|Win32
		{E308857E-FC9D-42AB-8BDE-1C2A93C9EA84}.Debug|x64.ActiveCfg = Debug|x64
		{E308857E-FC9D-42AB-8BDE-1C2A93C9EA84}.Debug|x64.Build.0 = Debug|x64
		{E308857E-FC9D-42AB-8BDE-1C2A93C9EA84}.Debug|x86.ActiveCfg = Debug|Win32
		{E308857E-FC9D-42AB-8BDE-1C2A93C9EA84}.Debug|x86.Build.0 = Debug|Win32
		{E308857E-FC9D-42AB-8BDE-1C2A93C9EA84}.Release|x64.ActiveCfg = Release|x64
		{E308857E-FC9D-42AB-8BDE-1C2A93C9EA84}.Release|x64.Build.0 = Release|x64
		{E308857E-FC9D-42AB-8BDE-1C2A93C9EA84}.Release|x86.ActiveCfg = Release|Win32
		{E308857E-FC9D-42AB-8BDE-1C2A93C9EA84}.Release|x86.Build.0 = Release|Win32
		{FB35E134-F7E3-4678-80AB-BC53F5F470A9}.Debug|x64.ActiveCfg = Debug|x64
		{FB35E134-F7E3-4678-80AB-BC53F5F470A9}.Debug|x64.Build.0 = Debug|x64
		{FB35E134-F7E3-4678-80AB-BC53F5F470A9}.Debug|x86.ActiveCfg = Debug|Win32
		{FB35E134-F7E3-4678-80AB-BC53F5F470A9}.Debug|x86.Build.0 = Debug|Win32
		{FB35E134-F7E3-4678-80AB-BC53F5F470A9}.Release|x64.ActiveCfg = Release|x64
		{FB35E134-F7E3-4678-80AB-BC53F5F470A9}.Release|x64.Build.0 = Release|x64
		{FB35E134-F7E3-4678-80AB-BC53F5F470A9}.Release|x86.ActiveCfg = Release|Win32
		{FB35E134-F7E3-4678-80AB-BC53F5F470A9}.Release|x86.Build.0 = Release|Win32
		{119DF898-B0C1-4A49-9E64-CC20D7F172E7}.Debug|x64.ActiveCfg = Debug|x64
		{119DF898-B0C1-4A49-9E64-CC20D7F172E7}.Debug|x64.Build.0 = Debug|x64
		{119DF898-B0C1-4A49-9E64-CC20D7F172E7}.Debug|x86.ActiveCfg = Debug|Win32
		{119DF898-B0C1-4A49-9E64-CC20D7F172E7}.Debug|x86.Build.0 = Debug|Win32
		{119DF898-B0C1-4A49-9E64-CC20D7F172E7}.Release|x64.ActiveCfg = Release|x64
		{119DF898-B0C1-4A49-9E64-CC20D7F172E7}.Release|x64.Build.0 = Release|x64
		{119DF898-B0C1-4A49-9E64-CC20D7F172E7}.Release|x86.ActiveCfg = Release|Win32
		{119DF898-B0C1-4A49-9E64-CC20D7F172E7}.Release|x86.Build.0 = Release|Win32
		{6AB297D6-7536-47D8-B7B3-2B40E4D3EF2A}.Debug|x64.ActiveCfg = Debug|x64
		{6AB297D6-7536-47D8-B7B3-2B40E4D3EF2A}.Debug|x64.Build.0 = Debug|x64
		{6AB297D6-7536-47D8-B7B3-2B40E4D3EF2A}.Debug|x86.ActiveCfg = Debug|Win32
		{6AB297D6-7536-47D8-B7B3-2B40E4D3EF2A}.Debug|x86.Build.0 = Debug|Win32
		{6AB297D6-7536-47D8-B7B3-2B40E4D3EF2A}.Release|x64.ActiveCfg = Release|x64
		{6AB297D6-7536-47D8-B7B3-2B40E4D3EF2A}.Release|x64.Build.0 = Release|x64
		{6AB297D6-7536-47D8-B7B3-2B40E4D3EF2A}.Release|x86.ActiveCfg = Release|Win32
		{6AB297D6-7536-47D8-B7B3-2B40E4D3EF2A}.Release|x86.Build.0 = Release|Win32
		{9081EDFE-9ED6-4A02-81DE-F657AFA943CA}.Debug|x64.ActiveCfg = Debug|x64
		{9081EDFE-9ED6-4A02-81DE-F657AFA943CA}.Debug|x64.Build.0 = Debug|x64
		{9081EDFE-9ED6-4A02-81DE-F657AFA943CA}.Debug|x86.ActiveCfg = Debug|Win32
		{9081EDFE-9ED6-4A02-81DE-F657AFA943CA}.Debug|x86.Build.0 = Debug|Win32
		{9081EDFE-9ED6-4A02-81DE-F657AFA943CA}.Release|x64.ActiveCfg = Release|x64
		{9081EDFE-9ED6-4A02-81DE-F657AFA943CA}.Release|x64.Build.0 = Release|x64
		{9081EDFE-9ED6-4A02-81DE-F657AFA943CA}.Release|x86.ActiveCfg = Release|Win32
		{9081EDFE-9ED6-4A02-81DE-F657AFA943CA}.Release|x86.Build.0 = Release|Win32
		{4FEE87C0-3F45-4AF1-9167-BC5FA863E2C4}.Debug|x64.ActiveCfg = Debug|x64
		{4FEE87C0-3F45-4AF1-9167-BC5FA863E2C4}.Debug|x64.Build.0 = Debug|x64
		{4FEE87C0-3F45-4AF1-9167-BC5FA863E2C4}.Debug|x86.ActiveCfg = Debug|Win32
		{4FEE87C0-3F45-4AF1-9167-BC5FA863E2C4}.Debug|x86.Build.0 = Debug|Win32
		{4FEE87C0-3F45-4AF1-9167-BC5FA863E2C4}.Release|x64.ActiveCfg = Release|x64
		{4FEE87C0-3F45-4AF1-9167-BC5FA863E2C4}.Release|x64.Build.0 = Release|x64
		{4FEE87C0-3F45-4AF1-9167-BC5FA863E2C4}.Release|x86.ActiveCfg = Release|Win32
		{4FEE87C0-3F45-4AF1-9167-BC5FA863E2C4}.Release|x86.Build.0 = Release|Win32
		{1975A662-E3A1-47D1-BC12-1FE6D328BE9F}.Debug|x64.ActiveCfg = Debug|x64
		{1975A662-E3A1-47D1-BC12-1FE6D328BE9F}.Debug|x64.Build.0 = Debug|x64
		{1975A662-E3A1-47D1-BC12-1FE6D328BE9F}.Debug|x86.ActiveCfg = Debug|Win32
		{1975A662-E3A1-47D1-BC12-1FE6D328BE9F}.Debug|x86.Build.0 = Debug|Win32
		{1975A662-E3A1-47D1-BC12-1FE6D328BE9F}.Release|x64.ActiveCfg = Release|x64
		{1975A662-E3A1-47D1-BC12-1FE6D328BE9F}.Release|x64.Build.0 = Release|x64
		{1975A662-E3A1-47D1-BC12-1FE6D328BE9F}.Release|x86.ActiveCfg = Release|Win32
		{1975A662-E3A1-47D1-BC12-1FE6D328BE9F}.Release|x86.Build.0 = Release|Win32
	EndGlobalSection
	GlobalSection(SolutionProperties) = preSolution
		HideSolutionNode = FALSE
	EndGlobalSection
	GlobalSection(ExtensibilityGlobals) = postSolution
		SolutionGuid = {A0FAEC0C-9D0B-4F9A-93E8-0F73C588D7DE}
	EndGlobalSection
EndGlobal
